
Microsoft Visual Studio Solution File, Format Version 12.00
# Visual Studio Version 16
VisualStudioVersion = 16.0.31624.102
MinimumVisualStudioVersion = 10.0.40219.1
Project("{9A19103F-16F7-4668-BE54-9A1E7A4F7556}") = "ConsoleFIA", "ConsoleFIA\ConsoleFIA.csproj", "{EF6D16B3-6203-461F-80D2-BE78FB36E88A}"
EndProject
Project("{2150E333-8FDC-42A3-9474-1A3956D46DE8}") = "Solution Items", "Solution Items", "{89B6964E-DAC9-4C08-B2F6-E6F8EC26CC63}"
	ProjectSection(SolutionItems) = preProject
		Naming Convention.txt = Naming Convention.txt
	EndProjectSection
EndProject
Project("{9A19103F-16F7-4668-BE54-9A1E7A4F7556}") = "FIAModel", "FIAModel\FIAModel.csproj", "{94C6391A-551A-4B6D-BEEC-270E6CCCAEAB}"
EndProject
Project("{00D1A9C2-B5F0-4AF3-8072-F6C62B433612}") = "FIADb", "FIADb\FIADb.sqlproj", "{61FCDCF1-43FA-45DC-8ECF-783C0C7B72E0}"
EndProject
Project("{9A19103F-16F7-4668-BE54-9A1E7A4F7556}") = "FIADbContext", "FIADbContext\FIADbContext.csproj", "{2FCE1955-20C0-4E0F-B60E-5C7D5CFCEBEB}"
EndProject
Global
	GlobalSection(SolutionConfigurationPlatforms) = preSolution
		Debug|Any CPU = Debug|Any CPU
		Release|Any CPU = Release|Any CPU
	EndGlobalSection
	GlobalSection(ProjectConfigurationPlatforms) = postSolution
		{EF6D16B3-6203-461F-80D2-BE78FB36E88A}.Debug|Any CPU.ActiveCfg = Debug|Any CPU
		{EF6D16B3-6203-461F-80D2-BE78FB36E88A}.Debug|Any CPU.Build.0 = Debug|Any CPU
		{EF6D16B3-6203-461F-80D2-BE78FB36E88A}.Release|Any CPU.ActiveCfg = Release|Any CPU
		{EF6D16B3-6203-461F-80D2-BE78FB36E88A}.Release|Any CPU.Build.0 = Release|Any CPU
		{94C6391A-551A-4B6D-BEEC-270E6CCCAEAB}.Debug|Any CPU.ActiveCfg = Debug|Any CPU
		{94C6391A-551A-4B6D-BEEC-270E6CCCAEAB}.Debug|Any CPU.Build.0 = Debug|Any CPU
		{94C6391A-551A-4B6D-BEEC-270E6CCCAEAB}.Release|Any CPU.ActiveCfg = Release|Any CPU
		{94C6391A-551A-4B6D-BEEC-270E6CCCAEAB}.Release|Any CPU.Build.0 = Release|Any CPU
		{61FCDCF1-43FA-45DC-8ECF-783C0C7B72E0}.Debug|Any CPU.ActiveCfg = Debug|Any CPU
		{61FCDCF1-43FA-45DC-8ECF-783C0C7B72E0}.Debug|Any CPU.Build.0 = Debug|Any CPU
		{61FCDCF1-43FA-45DC-8ECF-783C0C7B72E0}.Debug|Any CPU.Deploy.0 = Debug|Any CPU
		{61FCDCF1-43FA-45DC-8ECF-783C0C7B72E0}.Release|Any CPU.ActiveCfg = Release|Any CPU
		{61FCDCF1-43FA-45DC-8ECF-783C0C7B72E0}.Release|Any CPU.Build.0 = Release|Any CPU
		{61FCDCF1-43FA-45DC-8ECF-783C0C7B72E0}.Release|Any CPU.Deploy.0 = Release|Any CPU
		{2FCE1955-20C0-4E0F-B60E-5C7D5CFCEBEB}.Debug|Any CPU.ActiveCfg = Debug|Any CPU
		{2FCE1955-20C0-4E0F-B60E-5C7D5CFCEBEB}.Debug|Any CPU.Build.0 = Debug|Any CPU
		{2FCE1955-20C0-4E0F-B60E-5C7D5CFCEBEB}.Release|Any CPU.ActiveCfg = Release|Any CPU
		{2FCE1955-20C0-4E0F-B60E-5C7D5CFCEBEB}.Release|Any CPU.Build.0 = Release|Any CPU
	EndGlobalSection
	GlobalSection(SolutionProperties) = preSolution
		HideSolutionNode = FALSE
	EndGlobalSection
	GlobalSection(ExtensibilityGlobals) = postSolution
		SolutionGuid = {9B0E57D4-0559-4AE2-BE64-2C970AFEE0C9}
	EndGlobalSection
EndGlobal
